
Microsoft Visual Studio Solution File, Format Version 12.00
# Visual Studio Version 17
VisualStudioVersion = 17.5.33424.131
MinimumVisualStudioVersion = 10.0.40219.1
Project("{FAE04EC0-301F-11D3-BF4B-00C04F79EFBC}") = "GetAccessToPrivateFields_WpfSample", "GetAccessToPrivateFields_WpfSample\GetAccessToPrivateFields_WpfSample.csproj", "{41CE4638-A830-4D44-9267-8C4B0E54FCB3}"
EndProject
Global
	GlobalSection(SolutionConfigurationPlatforms) = preSolution
		Debug|Any CPU = Debug|Any CPU
		Release|Any CPU = Release|Any CPU
	EndGlobalSection
	GlobalSection(ProjectConfigurationPlatforms) = postSolution
		{41CE4638-A830-4D44-9267-8C4B0E54FCB3}.Debug|Any CPU.ActiveCfg = Debug|Any CPU
		{41CE4638-A830-4D44-9267-8C4B0E54FCB3}.Debug|Any CPU.Build.0 = Debug|Any CPU
		{41CE4638-A830-4D44-9267-8C4B0E54FCB3}.Release|Any CPU.ActiveCfg = Release|Any CPU
		{41CE4638-A830-4D44-9267-8C4B0E54FCB3}.Release|Any CPU.Build.0 = Release|Any CPU
	EndGlobalSection
	GlobalSection(SolutionProperties) = preSolution
		HideSolutionNode = FALSE
	EndGlobalSection
	GlobalSection(ExtensibilityGlobals) = postSolution
		SolutionGuid = {564F80BE-93E5-4440-ACF7-074E6ACF8546}
	EndGlobalSection
EndGlobal
